
Microsoft Visual Studio Solution File, Format Version 12.00
# Visual Studio Version 16
VisualStudioVersion = 16.0.31313.79
MinimumVisualStudioVersion = 10.0.40219.1
Project("{FAE04EC0-301F-11D3-BF4B-00C04F79EFBC}") = "BlazorProjectVenkat.Server", "BlazorProjectVenkat\Server\BlazorProjectVenkat.Server.csproj", "{E2948975-A91E-490C-863C-3ABB2737D829}"
EndProject
Project("{FAE04EC0-301F-11D3-BF4B-00C04F79EFBC}") = "BlazorProjectVenkat.Client", "BlazorProjectVenkat\Client\BlazorProjectVenkat.Client.csproj", "{DC523997-AB40-40E5-88E2-12F9A0A64363}"
EndProject
Project("{FAE04EC0-301F-11D3-BF4B-00C04F79EFBC}") = "BlazorProjectVenkat.Shared", "BlazorProjectVenkat\Shared\BlazorProjectVenkat.Shared.csproj", "{73B7772D-716A-4416-AE0C-457A04B65A5B}"
EndProject
Global
	GlobalSection(SolutionConfigurationPlatforms) = preSolution
		Debug|Any CPU = Debug|Any CPU
		Release|Any CPU = Release|Any CPU
	EndGlobalSection
	GlobalSection(ProjectConfigurationPlatforms) = postSolution
		{E2948975-A91E-490C-863C-3ABB2737D829}.Debug|Any CPU.ActiveCfg = Debug|Any CPU
		{E2948975-A91E-490C-863C-3ABB2737D829}.Debug|Any CPU.Build.0 = Debug|Any CPU
		{E2948975-A91E-490C-863C-3ABB2737D829}.Release|Any CPU.ActiveCfg = Release|Any CPU
		{E2948975-A91E-490C-863C-3ABB2737D829}.Release|Any CPU.Build.0 = Release|Any CPU
		{DC523997-AB40-40E5-88E2-12F9A0A64363}.Debug|Any CPU.ActiveCfg = Debug|Any CPU
		{DC523997-AB40-40E5-88E2-12F9A0A64363}.Debug|Any CPU.Build.0 = Debug|Any CPU
		{DC523997-AB40-40E5-88E2-12F9A0A64363}.Release|Any CPU.ActiveCfg = Release|Any CPU
		{DC523997-AB40-40E5-88E2-12F9A0A64363}.Release|Any CPU.Build.0 = Release|Any CPU
		{73B7772D-716A-4416-AE0C-457A04B65A5B}.Debug|Any CPU.ActiveCfg = Debug|Any CPU
		{73B7772D-716A-4416-AE0C-457A04B65A5B}.Debug|Any CPU.Build.0 = Debug|Any CPU
		{73B7772D-716A-4416-AE0C-457A04B65A5B}.Release|Any CPU.ActiveCfg = Release|Any CPU
		{73B7772D-716A-4416-AE0C-457A04B65A5B}.Release|Any CPU.Build.0 = Release|Any CPU
	EndGlobalSection
	GlobalSection(SolutionProperties) = preSolution
		HideSolutionNode = FALSE
	EndGlobalSection
	GlobalSection(ExtensibilityGlobals) = postSolution
		SolutionGuid = {4CE28411-67ED-4C2E-ABE2-0D4386962EDB}
	EndGlobalSection
EndGlobal
